// !$*UTF8*$!
{
	archiveVersion = 1;
	classes = {
	};
	objectVersion = 50;
	objects = {

/* Begin PBXBuildFile section */
		253F32D021A62ED0001153AC /* AppDelegate.swift in Sources */ = {isa = PBXBuildFile; fileRef = 253F32CF21A62ED0001153AC /* AppDelegate.swift */; };
		253F32D221A62ED0001153AC /* ViewController.swift in Sources */ = {isa = PBXBuildFile; fileRef = 253F32D121A62ED0001153AC /* ViewController.swift */; };
		253F32D521A62ED0001153AC /* Main.storyboard in Resources */ = {isa = PBXBuildFile; fileRef = 253F32D321A62ED0001153AC /* Main.storyboard */; };
		253F32D721A62ED1001153AC /* Assets.xcassets in Resources */ = {isa = PBXBuildFile; fileRef = 253F32D621A62ED1001153AC /* Assets.xcassets */; };
		253F32DA21A62ED1001153AC /* LaunchScreen.storyboard in Resources */ = {isa = PBXBuildFile; fileRef = 253F32D821A62ED1001153AC /* LaunchScreen.storyboard */; };
		2548074921A637F500D35589 /* Service.swift in Sources */ = {isa = PBXBuildFile; fileRef = 2548074821A637F500D35589 /* Service.swift */; };
		2548076D21A67D1000D35589 /* HomeDatasourceController.swift in Sources */ = {isa = PBXBuildFile; fileRef = 2548076C21A67D1000D35589 /* HomeDatasourceController.swift */; };
		2548076F21A6881500D35589 /* Cells.swift in Sources */ = {isa = PBXBuildFile; fileRef = 2548076E21A6881500D35589 /* Cells.swift */; };
		2548077121A6888E00D35589 /* HomeDatasource.swift in Sources */ = {isa = PBXBuildFile; fileRef = 2548077021A6888E00D35589 /* HomeDatasource.swift */; };
		2C66402195AF5D94F3386AB0 /* Pods_MobileNOC.framework in Frameworks */ = {isa = PBXBuildFile; fileRef = 5BF4707BA52EE9292941CD76 /* Pods_MobileNOC.framework */; };
/* End PBXBuildFile section */

/* Begin PBXFileReference section */
		253F32CC21A62ED0001153AC /* MobileNOC.app */ = {isa = PBXFileReference; explicitFileType = wrapper.application; includeInIndex = 0; path = MobileNOC.app; sourceTree = BUILT_PRODUCTS_DIR; };
		253F32CF21A62ED0001153AC /* AppDelegate.swift */ = {isa = PBXFileReference; lastKnownFileType = sourcecode.swift; path = AppDelegate.swift; sourceTree = "<group>"; };
		253F32D121A62ED0001153AC /* ViewController.swift */ = {isa = PBXFileReference; lastKnownFileType = sourcecode.swift; path = ViewController.swift; sourceTree = "<group>"; };
		253F32D421A62ED0001153AC /* Base */ = {isa = PBXFileReference; lastKnownFileType = file.storyboard; name = Base; path = Base.lproj/Main.storyboard; sourceTree = "<group>"; };
		253F32D621A62ED1001153AC /* Assets.xcassets */ = {isa = PBXFileReference; lastKnownFileType = folder.assetcatalog; path = Assets.xcassets; sourceTree = "<group>"; };
		253F32D921A62ED1001153AC /* Base */ = {isa = PBXFileReference; lastKnownFileType = file.storyboard; name = Base; path = Base.lproj/LaunchScreen.storyboard; sourceTree = "<group>"; };
		253F32DB21A62ED1001153AC /* Info.plist */ = {isa = PBXFileReference; lastKnownFileType = text.plist.xml; path = Info.plist; sourceTree = "<group>"; };
		2548074821A637F500D35589 /* Service.swift */ = {isa = PBXFileReference; lastKnownFileType = sourcecode.swift; path = Service.swift; sourceTree = "<group>"; };
		2548076C21A67D1000D35589 /* HomeDatasourceController.swift */ = {isa = PBXFileReference; lastKnownFileType = sourcecode.swift; path = HomeDatasourceController.swift; sourceTree = "<group>"; };
		2548076E21A6881500D35589 /* Cells.swift */ = {isa = PBXFileReference; lastKnownFileType = sourcecode.swift; path = Cells.swift; sourceTree = "<group>"; };
		2548077021A6888E00D35589 /* HomeDatasource.swift */ = {isa = PBXFileReference; lastKnownFileType = sourcecode.swift; path = HomeDatasource.swift; sourceTree = "<group>"; };
		5BF4707BA52EE9292941CD76 /* Pods_MobileNOC.framework */ = {isa = PBXFileReference; explicitFileType = wrapper.framework; includeInIndex = 0; path = Pods_MobileNOC.framework; sourceTree = BUILT_PRODUCTS_DIR; };
		9E9195A6CA37320BF72AF6F7 /* Pods-MobileNOC.release.xcconfig */ = {isa = PBXFileReference; includeInIndex = 1; lastKnownFileType = text.xcconfig; name = "Pods-MobileNOC.release.xcconfig"; path = "Pods/Target Support Files/Pods-MobileNOC/Pods-MobileNOC.release.xcconfig"; sourceTree = "<group>"; };
		A28424D0D2E8F098F2B91C4E /* Pods-MobileNOC.debug.xcconfig */ = {isa = PBXFileReference; includeInIndex = 1; lastKnownFileType = text.xcconfig; name = "Pods-MobileNOC.debug.xcconfig"; path = "Pods/Target Support Files/Pods-MobileNOC/Pods-MobileNOC.debug.xcconfig"; sourceTree = "<group>"; };
/* End PBXFileReference section */

/* Begin PBXFrameworksBuildPhase section */
		253F32C921A62ED0001153AC /* Frameworks */ = {
			isa = PBXFrameworksBuildPhase;
			buildActionMask = 2147483647;
			files = (
				2C66402195AF5D94F3386AB0 /* Pods_MobileNOC.framework in Frameworks */,
			);
			runOnlyForDeploymentPostprocessing = 0;
		};
/* End PBXFrameworksBuildPhase section */

/* Begin PBXGroup section */
		253F32C321A62ED0001153AC = {
			isa = PBXGroup;
			children = (
				253F32CE21A62ED0001153AC /* MobileNOC */,
				253F32CD21A62ED0001153AC /* Products */,
				3E234E69D3F456A025369DD2 /* Pods */,
				36EF2DC56C361F3EE47595C8 /* Frameworks */,
			);
			sourceTree = "<group>";
		};
		253F32CD21A62ED0001153AC /* Products */ = {
			isa = PBXGroup;
			children = (
				253F32CC21A62ED0001153AC /* MobileNOC.app */,
			);
			name = Products;
			sourceTree = "<group>";
		};
		253F32CE21A62ED0001153AC /* MobileNOC */ = {
			isa = PBXGroup;
			children = (
				253F32E121A62F3B001153AC /* Model */,
				253F32E621A62F97001153AC /* View */,
				253F32E321A62F4F001153AC /* Controller */,
				253F32D621A62ED1001153AC /* Assets.xcassets */,
				253F32D821A62ED1001153AC /* LaunchScreen.storyboard */,
				253F32DB21A62ED1001153AC /* Info.plist */,
			);
			path = MobileNOC;
			sourceTree = "<group>";
		};
		253F32E121A62F3B001153AC /* Model */ = {
			isa = PBXGroup;
			children = (
				253F32CF21A62ED0001153AC /* AppDelegate.swift */,
				2548074821A637F500D35589 /* Service.swift */,
				2548077021A6888E00D35589 /* HomeDatasource.swift */,
			);
			path = Model;
			sourceTree = "<group>";
		};
		253F32E321A62F4F001153AC /* Controller */ = {
			isa = PBXGroup;
			children = (
				253F32D121A62ED0001153AC /* ViewController.swift */,
				2548076C21A67D1000D35589 /* HomeDatasourceController.swift */,
			);
			path = Controller;
			sourceTree = "<group>";
		};
		253F32E621A62F97001153AC /* View */ = {
			isa = PBXGroup;
			children = (
				253F32D321A62ED0001153AC /* Main.storyboard */,
				2548076E21A6881500D35589 /* Cells.swift */,
			);
			path = View;
			sourceTree = "<group>";
		};
		36EF2DC56C361F3EE47595C8 /* Frameworks */ = {
			isa = PBXGroup;
			children = (
				5BF4707BA52EE9292941CD76 /* Pods_MobileNOC.framework */,
			);
			name = Frameworks;
			sourceTree = "<group>";
		};
		3E234E69D3F456A025369DD2 /* Pods */ = {
			isa = PBXGroup;
			children = (
				A28424D0D2E8F098F2B91C4E /* Pods-MobileNOC.debug.xcconfig */,
				9E9195A6CA37320BF72AF6F7 /* Pods-MobileNOC.release.xcconfig */,
			);
			name = Pods;
			sourceTree = "<group>";
		};
/* End PBXGroup section */

/* Begin PBXNativeTarget section */
		253F32CB21A62ED0001153AC /* MobileNOC */ = {
			isa = PBXNativeTarget;
			buildConfigurationList = 253F32DE21A62ED1001153AC /* Build configuration list for PBXNativeTarget "MobileNOC" */;
			buildPhases = (
				46322352B17AE1B2AEFBA818 /* [CP] Check Pods Manifest.lock */,
				253F32C821A62ED0001153AC /* Sources */,
				253F32C921A62ED0001153AC /* Frameworks */,
				253F32CA21A62ED0001153AC /* Resources */,
				0E6B8D4ED58816A44E299EAE /* [CP] Embed Pods Frameworks */,
			);
			buildRules = (
			);
			dependencies = (
			);
			name = MobileNOC;
			productName = MobileNOC;
			productReference = 253F32CC21A62ED0001153AC /* MobileNOC.app */;
			productType = "com.apple.product-type.application";
		};
/* End PBXNativeTarget section */

/* Begin PBXProject section */
		253F32C421A62ED0001153AC /* Project object */ = {
			isa = PBXProject;
			attributes = {
				LastSwiftUpdateCheck = 1010;
				LastUpgradeCheck = 1010;
				ORGANIZATIONNAME = "Kyla ";
				TargetAttributes = {
					253F32CB21A62ED0001153AC = {
						CreatedOnToolsVersion = 10.1;
					};
				};
			};
			buildConfigurationList = 253F32C721A62ED0001153AC /* Build configuration list for PBXProject "MobileNOC" */;
			compatibilityVersion = "Xcode 9.3";
			developmentRegion = en;
			hasScannedForEncodings = 0;
			knownRegions = (
				en,
				Base,
			);
			mainGroup = 253F32C321A62ED0001153AC;
			productRefGroup = 253F32CD21A62ED0001153AC /* Products */;
			projectDirPath = "";
			projectRoot = "";
			targets = (
				253F32CB21A62ED0001153AC /* MobileNOC */,
			);
		};
/* End PBXProject section */

/* Begin PBXResourcesBuildPhase section */
		253F32CA21A62ED0001153AC /* Resources */ = {
			isa = PBXResourcesBuildPhase;
			buildActionMask = 2147483647;
			files = (
				253F32DA21A62ED1001153AC /* LaunchScreen.storyboard in Resources */,
				253F32D721A62ED1001153AC /* Assets.xcassets in Resources */,
				253F32D521A62ED0001153AC /* Main.storyboard in Resources */,
			);
			runOnlyForDeploymentPostprocessing = 0;
		};
/* End PBXResourcesBuildPhase section */

/* Begin PBXShellScriptBuildPhase section */
		0E6B8D4ED58816A44E299EAE /* [CP] Embed Pods Frameworks */ = {
			isa = PBXShellScriptBuildPhase;
			buildActionMask = 2147483647;
			files = (
			);
			inputPaths = (
				"${SRCROOT}/Pods/Target Support Files/Pods-MobileNOC/Pods-MobileNOC-frameworks.sh",
				"${BUILT_PRODUCTS_DIR}/Alamofire/Alamofire.framework",
				"${BUILT_PRODUCTS_DIR}/LBTAComponents/LBTAComponents.framework",
				"${BUILT_PRODUCTS_DIR}/SwiftyJSON/SwiftyJSON.framework",
				"${BUILT_PRODUCTS_DIR}/TRON/TRON.framework",
			);
			name = "[CP] Embed Pods Frameworks";
			outputPaths = (
				"${TARGET_BUILD_DIR}/${FRAMEWORKS_FOLDER_PATH}/Alamofire.framework",
				"${TARGET_BUILD_DIR}/${FRAMEWORKS_FOLDER_PATH}/LBTAComponents.framework",
				"${TARGET_BUILD_DIR}/${FRAMEWORKS_FOLDER_PATH}/SwiftyJSON.framework",
				"${TARGET_BUILD_DIR}/${FRAMEWORKS_FOLDER_PATH}/TRON.framework",
			);
			runOnlyForDeploymentPostprocessing = 0;
			shellPath = /bin/sh;
			shellScript = "\"${SRCROOT}/Pods/Target Support Files/Pods-MobileNOC/Pods-MobileNOC-frameworks.sh\"\n";
			showEnvVarsInLog = 0;
		};
		46322352B17AE1B2AEFBA818 /* [CP] Check Pods Manifest.lock */ = {
			isa = PBXShellScriptBuildPhase;
			buildActionMask = 2147483647;
			files = (
			);
			inputPaths = (
				"${PODS_PODFILE_DIR_PATH}/Podfile.lock",
				"${PODS_ROOT}/Manifest.lock",
			);
			name = "[CP] Check Pods Manifest.lock";
			outputPaths = (
				"$(DERIVED_FILE_DIR)/Pods-MobileNOC-checkManifestLockResult.txt",
			);
			runOnlyForDeploymentPostprocessing = 0;
			shellPath = /bin/sh;
			shellScript = "diff \"${PODS_PODFILE_DIR_PATH}/Podfile.lock\" \"${PODS_ROOT}/Manifest.lock\" > /dev/null\nif [ $? != 0 ] ; then\n    # print error to STDERR\n    echo \"error: The sandbox is not in sync with the Podfile.lock. Run 'pod install' or update your CocoaPods installation.\" >&2\n    exit 1\nfi\n# This output is used by Xcode 'outputs' to avoid re-running this script phase.\necho \"SUCCESS\" > \"${SCRIPT_OUTPUT_FILE_0}\"\n";
			showEnvVarsInLog = 0;
		};
/* End PBXShellScriptBuildPhase section */

/* Begin PBXSourcesBuildPhase section */
		253F32C821A62ED0001153AC /* Sources */ = {
			isa = PBXSourcesBuildPhase;
			buildActionMask = 2147483647;
			files = (
				2548074921A637F500D35589 /* Service.swift in Sources */,
				2548076D21A67D1000D35589 /* HomeDatasourceController.swift in Sources */,
				253F32D221A62ED0001153AC /* ViewController.swift in Sources */,
				2548077121A6888E00D35589 /* HomeDatasource.swift in Sources */,
				253F32D021A62ED0001153AC /* AppDelegate.swift in Sources */,
				2548076F21A6881500D35589 /* Cells.swift in Sources */,
			);
			runOnlyForDeploymentPostprocessing = 0;
		};
/* End PBXSourcesBuildPhase section */

/* Begin PBXVariantGroup section */
		253F32D321A62ED0001153AC /* Main.storyboard */ = {
			isa = PBXVariantGroup;
			children = (
				253F32D421A62ED0001153AC /* Base */,
			);
			name = Main.storyboard;
			sourceTree = "<group>";
		};
		253F32D821A62ED1001153AC /* LaunchScreen.storyboard */ = {
			isa = PBXVariantGroup;
			children = (
				253F32D921A62ED1001153AC /* Base */,
			);
			name = LaunchScreen.storyboard;
			sourceTree = "<group>";
		};
/* End PBXVariantGroup section */

/* Begin XCBuildConfiguration section */
		253F32DC21A62ED1001153AC /* Debug */ = {
			isa = XCBuildConfiguration;
			buildSettings = {
				ALWAYS_SEARCH_USER_PATHS = NO;
				CLANG_ANALYZER_NONNULL = YES;
				CLANG_ANALYZER_NUMBER_OBJECT_CONVERSION = YES_AGGRESSIVE;
				CLANG_CXX_LANGUAGE_STANDARD = "gnu++14";
				CLANG_CXX_LIBRARY = "libc++";
				CLANG_ENABLE_MODULES = YES;
				CLANG_ENABLE_OBJC_ARC = YES;
				CLANG_ENABLE_OBJC_WEAK = YES;
				CLANG_WARN_BLOCK_CAPTURE_AUTORELEASING = YES;
				CLANG_WARN_BOOL_CONVERSION = YES;
				CLANG_WARN_COMMA = YES;
				CLANG_WARN_CONSTANT_CONVERSION = YES;
				CLANG_WARN_DEPRECATED_OBJC_IMPLEMENTATIONS = YES;
				CLANG_WARN_DIRECT_OBJC_ISA_USAGE = YES_ERROR;
				CLANG_WARN_DOCUMENTATION_COMMENTS = YES;
				CLANG_WARN_EMPTY_BODY = YES;
				CLANG_WARN_ENUM_CONVERSION = YES;
				CLANG_WARN_INFINITE_RECURSION = YES;
				CLANG_WARN_INT_CONVERSION = YES;
				CLANG_WARN_NON_LITERAL_NULL_CONVERSION = YES;
				CLANG_WARN_OBJC_IMPLICIT_RETAIN_SELF = YES;
				CLANG_WARN_OBJC_LITERAL_CONVERSION = YES;
				CLANG_WARN_OBJC_ROOT_CLASS = YES_ERROR;
				CLANG_WARN_RANGE_LOOP_ANALYSIS = YES;
				CLANG_WARN_STRICT_PROTOTYPES = YES;
				CLANG_WARN_SUSPICIOUS_MOVE = YES;
				CLANG_WARN_UNGUARDED_AVAILABILITY = YES_AGGRESSIVE;
				CLANG_WARN_UNREACHABLE_CODE = YES;
				CLANG_WARN__DUPLICATE_METHOD_MATCH = YES;
				CODE_SIGN_IDENTITY = "iPhone Developer";
				COPY_PHASE_STRIP = NO;
				DEBUG_INFORMATION_FORMAT = dwarf;
				ENABLE_STRICT_OBJC_MSGSEND = YES;
				ENABLE_TESTABILITY = YES;
				GCC_C_LANGUAGE_STANDARD = gnu11;
				GCC_DYNAMIC_NO_PIC = NO;
				GCC_NO_COMMON_BLOCKS = YES;
				GCC_OPTIMIZATION_LEVEL = 0;
				GCC_PREPROCESSOR_DEFINITIONS = (
					"DEBUG=1",
					"$(inherited)",
				);
				GCC_WARN_64_TO_32_BIT_CONVERSION = YES;
				GCC_WARN_ABOUT_RETURN_TYPE = YES_ERROR;
				GCC_WARN_UNDECLARED_SELECTOR = YES;
				GCC_WARN_UNINITIALIZED_AUTOS = YES_AGGRESSIVE;
				GCC_WARN_UNUSED_FUNCTION = YES;
				GCC_WARN_UNUSED_VARIABLE = YES;
				IPHONEOS_DEPLOYMENT_TARGET = 12.1;
				MTL_ENABLE_DEBUG_INFO = INCLUDE_SOURCE;
				MTL_FAST_MATH = YES;
				ONLY_ACTIVE_ARCH = YES;
				SDKROOT = iphoneos;
				SWIFT_ACTIVE_COMPILATION_CONDITIONS = DEBUG;
				SWIFT_OPTIMIZATION_LEVEL = "-Onone";
			};
			name = Debug;
		};
		253F32DD21A62ED1001153AC /* Release */ = {
			isa = XCBuildConfiguration;
			buildSettings = {
				ALWAYS_SEARCH_USER_PATHS = NO;
				CLANG_ANALYZER_NONNULL = YES;
				CLANG_ANALYZER_NUMBER_OBJECT_CONVERSION = YES_AGGRESSIVE;
				CLANG_CXX_LANGUAGE_STANDARD = "gnu++14";
				CLANG_CXX_LIBRARY = "libc++";
				CLANG_ENABLE_MODULES = YES;
				CLANG_ENABLE_OBJC_ARC = YES;
				CLANG_ENABLE_OBJC_WEAK = YES;
				CLANG_WARN_BLOCK_CAPTURE_AUTORELEASING = YES;
				CLANG_WARN_BOOL_CONVERSION = YES;
				CLANG_WARN_COMMA = YES;
				CLANG_WARN_CONSTANT_CONVERSION = YES;
				CLANG_WARN_DEPRECATED_OBJC_IMPLEMENTATIONS = YES;
				CLANG_WARN_DIRECT_OBJC_ISA_USAGE = YES_ERROR;
				CLANG_WARN_DOCUMENTATION_COMMENTS = YES;
				CLANG_WARN_EMPTY_BODY = YES;
				CLANG_WARN_ENUM_CONVERSION = YES;
				CLANG_WARN_INFINITE_RECURSION = YES;
				CLANG_WARN_INT_CONVERSION = YES;
				CLANG_WARN_NON_LITERAL_NULL_CONVERSION = YES;
				CLANG_WARN_OBJC_IMPLICIT_RETAIN_SELF = YES;
				CLANG_WARN_OBJC_LITERAL_CONVERSION = YES;
				CLANG_WARN_OBJC_ROOT_CLASS = YES_ERROR;
				CLANG_WARN_RANGE_LOOP_ANALYSIS = YES;
				CLANG_WARN_STRICT_PROTOTYPES = YES;
				CLANG_WARN_SUSPICIOUS_MOVE = YES;
				CLANG_WARN_UNGUARDED_AVAILABILITY = YES_AGGRESSIVE;
				CLANG_WARN_UNREACHABLE_CODE = YES;
				CLANG_WARN__DUPLICATE_METHOD_MATCH = YES;
				CODE_SIGN_IDENTITY = "iPhone Developer";
				COPY_PHASE_STRIP = NO;
				DEBUG_INFORMATION_FORMAT = "dwarf-with-dsym";
				ENABLE_NS_ASSERTIONS = NO;
				ENABLE_STRICT_OBJC_MSGSEND = YES;
				GCC_C_LANGUAGE_STANDARD = gnu11;
				GCC_NO_COMMON_BLOCKS = YES;
				GCC_WARN_64_TO_32_BIT_CONVERSION = YES;
				GCC_WARN_ABOUT_RETURN_TYPE = YES_ERROR;
				GCC_WARN_UNDECLARED_SELECTOR = YES;
				GCC_WARN_UNINITIALIZED_AUTOS = YES_AGGRESSIVE;
				GCC_WARN_UNUSED_FUNCTION = YES;
				GCC_WARN_UNUSED_VARIABLE = YES;
				IPHONEOS_DEPLOYMENT_TARGET = 12.1;
				MTL_ENABLE_DEBUG_INFO = NO;
				MTL_FAST_MATH = YES;
				SDKROOT = iphoneos;
				SWIFT_COMPILATION_MODE = wholemodule;
				SWIFT_OPTIMIZATION_LEVEL = "-O";
				VALIDATE_PRODUCT = YES;
			};
			name = Release;
		};
		253F32DF21A62ED1001153AC /* Debug */ = {
			isa = XCBuildConfiguration;
			baseConfigurationReference = A28424D0D2E8F098F2B91C4E /* Pods-MobileNOC.debug.xcconfig */;
			buildSettings = {
				ASSETCATALOG_COMPILER_APPICON_NAME = AppIcon;
				CODE_SIGN_STYLE = Automatic;
				DEVELOPMENT_TEAM = 8457254V38;
				INFOPLIST_FILE = MobileNOC/Info.plist;
				LD_RUNPATH_SEARCH_PATHS = (
					"$(inherited)",
					"@executable_path/Frameworks",
				);
				PRODUCT_BUNDLE_IDENTIFIER = Kyla.MobileNOC;
				PRODUCT_NAME = "$(TARGET_NAME)";
				SWIFT_VERSION = 4.2;
				TARGETED_DEVICE_FAMILY = "1,2";
			};
			name = Debug;
		};
		253F32E021A62ED1001153AC /* Release */ = {
			isa = XCBuildConfiguration;
			baseConfigurationReference = 9E9195A6CA37320BF72AF6F7 /* Pods-MobileNOC.release.xcconfig */;
			buildSettings = {
				ASSETCATALOG_COMPILER_APPICON_NAME = AppIcon;
				CODE_SIGN_STYLE = Automatic;
				DEVELOPMENT_TEAM = 8457254V38;
				INFOPLIST_FILE = MobileNOC/Info.plist;
				LD_RUNPATH_SEARCH_PATHS = (
					"$(inherited)",
					"@executable_path/Frameworks",
				);
				PRODUCT_BUNDLE_IDENTIFIER = Kyla.MobileNOC;
				PRODUCT_NAME = "$(TARGET_NAME)";
				SWIFT_VERSION = 4.2;
				TARGETED_DEVICE_FAMILY = "1,2";
			};
			name = Release;
		};
/* End XCBuildConfiguration section */

/* Begin XCConfigurationList section */
		253F32C721A62ED0001153AC /* Build configuration list for PBXProject "MobileNOC" */ = {
			isa = XCConfigurationList;
			buildConfigurations = (
				253F32DC21A62ED1001153AC /* Debug */,
				253F32DD21A62ED1001153AC /* Release */,
			);
			defaultConfigurationIsVisible = 0;
			defaultConfigurationName = Release;
		};
		253F32DE21A62ED1001153AC /* Build configuration list for PBXNativeTarget "MobileNOC" */ = {
			isa = XCConfigurationList;
			buildConfigurations = (
				253F32DF21A62ED1001153AC /* Debug */,
				253F32E021A62ED1001153AC /* Release */,
			);
			defaultConfigurationIsVisible = 0;
			defaultConfigurationName = Release;
		};
/* End XCConfigurationList section */
	};
	rootObject = 253F32C421A62ED0001153AC /* Project object */;
}
